{
	"name": "d3-timelines",
	"version": "1.3.1",
	"lockfileVersion": 1,
	"requires": true,
	"dependencies": {
		"@types/d3": {
			"version": "5.0.0",
			"resolved": "https://registry.npmjs.org/@types/d3/-/d3-5.0.0.tgz",
			"integrity": "sha512-BVfPw7ha+UgsG24v6ymerMY4+pJgQ/6p+hJA4loCeaaqV9snGS/G6ReVaQEn8Himn67dWn/Je9WhRbnDO7MzLw==",
			"dev": true,
			"requires": {
				"@types/d3-array": "1.2.1",
				"@types/d3-axis": "1.0.10",
				"@types/d3-brush": "1.0.7",
				"@types/d3-chord": "1.0.6",
				"@types/d3-collection": "1.0.6",
				"@types/d3-color": "1.0.6",
				"@types/d3-contour": "1.2.1",
				"@types/d3-dispatch": "1.0.5",
				"@types/d3-drag": "1.2.0",
				"@types/d3-dsv": "1.0.31",
				"@types/d3-ease": "1.0.7",
				"@types/d3-fetch": "1.1.1",
				"@types/d3-force": "1.1.0",
				"@types/d3-format": "1.2.2",
				"@types/d3-geo": "1.10.1",
				"@types/d3-hierarchy": "1.1.0",
				"@types/d3-interpolate": "1.1.6",
				"@types/d3-path": "1.0.6",
				"@types/d3-polygon": "1.0.5",
				"@types/d3-quadtree": "1.0.5",
				"@types/d3-random": "1.1.0",
				"@types/d3-scale": "2.0.0",
				"@types/d3-scale-chromatic": "1.2.0",
				"@types/d3-selection": "1.3.0",
				"@types/d3-shape": "1.2.2",
				"@types/d3-time": "1.0.7",
				"@types/d3-time-format": "2.1.0",
				"@types/d3-timer": "1.0.6",
				"@types/d3-transition": "1.1.1",
				"@types/d3-voronoi": "1.1.7",
				"@types/d3-zoom": "1.7.0"
			}
		},
		"@types/d3-array": {
			"version": "1.2.1",
			"resolved": "https://registry.npmjs.org/@types/d3-array/-/d3-array-1.2.1.tgz",
			"integrity": "sha512-YBaAfimGdWE4nDuoGVKsH89/dkz2hWZ0i8qC+xxqmqi+XJ/aXiRF0jPtzXmN7VdkpVjy1xuDmM5/m1FNuB6VWA==",
			"dev": true
		},
		"@types/d3-axis": {
			"version": "1.0.10",
			"resolved": "https://registry.npmjs.org/@types/d3-axis/-/d3-axis-1.0.10.tgz",
			"integrity": "sha512-5YF0wfdQMPKw01VAAupLIlg/T4pn5M3/vL9u0KZjiemnVnnKBEWE24na4X1iW+TfZiYJ8j+BgK2KFYnAAT54Ug==",
			"dev": true,
			"requires": {
				"@types/d3-selection": "1.3.0"
			}
		},
		"@types/d3-brush": {
			"version": "1.0.7",
			"resolved": "https://registry.npmjs.org/@types/d3-brush/-/d3-brush-1.0.7.tgz",
			"integrity": "sha1-BcMEQPTVN/0j+Xaw5sS6IjAB70U=",
			"dev": true,
			"requires": {
				"@types/d3-selection": "1.3.0"
			}
		},
		"@types/d3-chord": {
			"version": "1.0.6",
			"resolved": "https://registry.npmjs.org/@types/d3-chord/-/d3-chord-1.0.6.tgz",
			"integrity": "sha1-BYnrl6MZH07a8Xt73kmEYokM4ew=",
			"dev": true
		},
		"@types/d3-collection": {
			"version": "1.0.6",
			"resolved": "https://registry.npmjs.org/@types/d3-collection/-/d3-collection-1.0.6.tgz",
			"integrity": "sha512-UHBvaU2wT5GlJN6rRVQm42211uAyZtp7m0jpQFuMuX7hTuivc0tcF0cjx5Ny5eQkhIolEyKwWgvJexw4e8g4+A==",
			"dev": true
		},
		"@types/d3-color": {
			"version": "1.0.6",
			"resolved": "https://registry.npmjs.org/@types/d3-color/-/d3-color-1.0.6.tgz",
			"integrity": "sha512-AOlR0Gp7zV3c8C+gfxSboL3crNqsXCbAm32X934qXy0A1ymFC6T1TEIAEF/oH9yKQN2JHKpDkMhVEZeEVwKXEw==",
			"dev": true
		},
		"@types/d3-contour": {
			"version": "1.2.1",
			"resolved": "https://registry.npmjs.org/@types/d3-contour/-/d3-contour-1.2.1.tgz",
			"integrity": "sha512-p8iC4KeVFyT3qRTGQRj0Jf5QDdPsDUevBEnma7gEsY1yDolVSLanG2eFAiLV+xj8/5DK7oU7Ey8z0drs3pbsug==",
			"dev": true,
			"requires": {
				"@types/d3-array": "1.2.1",
				"@types/geojson": "7946.0.2"
			}
		},
		"@types/d3-dispatch": {
			"version": "1.0.5",
			"resolved": "https://registry.npmjs.org/@types/d3-dispatch/-/d3-dispatch-1.0.5.tgz",
			"integrity": "sha1-8fkYe1OOywUVdWnY3C9w37BPG1I=",
			"dev": true
		},
		"@types/d3-drag": {
			"version": "1.2.0",
			"resolved": "https://registry.npmjs.org/@types/d3-drag/-/d3-drag-1.2.0.tgz",
			"integrity": "sha512-AePmm0sXj0Tpl0uQWvwmbAf1QR3yCy9aRhjJ9mRDDSZlHBdY0SCpUtdZC9uG9Q+pyHT/dEt1R2FT/sj+5k/bVA==",
			"dev": true,
			"requires": {
				"@types/d3-selection": "1.3.0"
			}
		},
		"@types/d3-dsv": {
			"version": "1.0.31",
			"resolved": "https://registry.npmjs.org/@types/d3-dsv/-/d3-dsv-1.0.31.tgz",
			"integrity": "sha512-UCAVZdwd2NkrbkF1lZu9vzTlmUENRRrPCubyhDPlG8Ye1B8Xr2PNvk/Tp8tMm6sPoWZWagri6/P9H+t7WqkGDg==",
			"dev": true
		},
		"@types/d3-ease": {
			"version": "1.0.7",
			"resolved": "https://registry.npmjs.org/@types/d3-ease/-/d3-ease-1.0.7.tgz",
			"integrity": "sha1-k6MBhovp4VBh89RDQ7GrP4rLbwk=",
			"dev": true
		},
		"@types/d3-fetch": {
			"version": "1.1.1",
			"resolved": "https://registry.npmjs.org/@types/d3-fetch/-/d3-fetch-1.1.1.tgz",
			"integrity": "sha512-JR90CSdyI/7KEonCW4CWUmcNr/uFOwHsCHOxypq00R4vMz9GB2TKpm2KS2Und71w7+WNzwoxd47Bu53+/aGtNw==",
			"dev": true,
			"requires": {
				"@types/d3-dsv": "1.0.31"
			}
		},
		"@types/d3-force": {
			"version": "1.1.0",
			"resolved": "https://registry.npmjs.org/@types/d3-force/-/d3-force-1.1.0.tgz",
			"integrity": "sha512-a39Uu/ltLaMpj6K0elEB1oAqhx9rlTB5X/O75uTUqyTW2CfjhPXg6hFsX1lF8oeMc29kqGJZ4g9Pf6mET25bVw==",
			"dev": true
		},
		"@types/d3-format": {
			"version": "1.2.2",
			"resolved": "https://registry.npmjs.org/@types/d3-format/-/d3-format-1.2.2.tgz",
			"integrity": "sha512-XN4KV7RTNtN70pBJlC2vLTCFdCH27AyJK6/VQ/iKtrOd3Rf00zErr8espKqtBoEAdQeqjSP5ohuwJI1RHSGQAA==",
			"dev": true
		},
		"@types/d3-geo": {
			"version": "1.10.1",
			"resolved": "https://registry.npmjs.org/@types/d3-geo/-/d3-geo-1.10.1.tgz",
			"integrity": "sha512-CXGq6jMGVdcRhC/oqDOKQzPmuzxa0sUErjE2BilS8HmLzY16pEKhYyJivHu+KfWUWMHCklwJGyzF0elSOb+eGA==",
			"dev": true,
			"requires": {
				"@types/geojson": "7946.0.2"
			}
		},
		"@types/d3-hierarchy": {
			"version": "1.1.0",
			"resolved": "https://registry.npmjs.org/@types/d3-hierarchy/-/d3-hierarchy-1.1.0.tgz",
			"integrity": "sha1-UPHuBShAY4A1y91KyrH8NHCQWQc=",
			"dev": true
		},
		"@types/d3-interpolate": {
			"version": "1.1.6",
			"resolved": "https://registry.npmjs.org/@types/d3-interpolate/-/d3-interpolate-1.1.6.tgz",
			"integrity": "sha1-ZAQbFcnAMsNI2hsiuqvFn6TRYTY=",
			"dev": true,
			"requires": {
				"@types/d3-color": "1.0.6"
			}
		},
		"@types/d3-path": {
			"version": "1.0.6",
			"resolved": "https://registry.npmjs.org/@types/d3-path/-/d3-path-1.0.6.tgz",
			"integrity": "sha512-YHW4cs+wOU9gFUzudjJs9TkrB/8GOgKhq32ZyNaZ2rzZjOhkqG486sGr9XSh4C91CcgIg1FRGoDaN29Ropx9nw==",
			"dev": true
		},
		"@types/d3-polygon": {
			"version": "1.0.5",
			"resolved": "https://registry.npmjs.org/@types/d3-polygon/-/d3-polygon-1.0.5.tgz",
			"integrity": "sha1-Na1U7YTDnX6fElK2U1vmAL5srOI=",
			"dev": true
		},
		"@types/d3-quadtree": {
			"version": "1.0.5",
			"resolved": "https://registry.npmjs.org/@types/d3-quadtree/-/d3-quadtree-1.0.5.tgz",
			"integrity": "sha1-HOHmWerkUw3wyxJ/KX8XQaNnqC4=",
			"dev": true
		},
		"@types/d3-random": {
			"version": "1.1.0",
			"resolved": "https://registry.npmjs.org/@types/d3-random/-/d3-random-1.1.0.tgz",
			"integrity": "sha1-LdCPEVnHBxknDkp8g0r4XIuI0sM=",
			"dev": true
		},
		"@types/d3-scale": {
			"version": "2.0.0",
			"resolved": "https://registry.npmjs.org/@types/d3-scale/-/d3-scale-2.0.0.tgz",
			"integrity": "sha512-fFLSdP3p9qQQ3W6ouO3GBI4Qg94CSykTWVc61U8SI1V62dfBWtOigBj5voxDcOniwh9MjKzTHldMSsGJ5qAFpA==",
			"dev": true,
			"requires": {
				"@types/d3-time": "1.0.7"
			}
		},
		"@types/d3-scale-chromatic": {
			"version": "1.2.0",
			"resolved": "https://registry.npmjs.org/@types/d3-scale-chromatic/-/d3-scale-chromatic-1.2.0.tgz",
			"integrity": "sha512-bhS2SVzUzRtrxp1REhGCfHmj8pyDv9oDmsonYiPvBl8KCxPJTxnfXBF39PzAJrYnRKM41TR0kQzsJvL+NmcDtg==",
			"dev": true
		},
		"@types/d3-selection": {
			"version": "1.3.0",
			"resolved": "https://registry.npmjs.org/@types/d3-selection/-/d3-selection-1.3.0.tgz",
			"integrity": "sha512-1SJhi3kTk/SHHIE6XkHuHU2REYkbSOjkQuo3HT71FOTs8/tjeGcvtXMsX4N3kU1UE1nVG+A5pg7TSjuJ4zUN3A==",
			"dev": true
		},
		"@types/d3-shape": {
			"version": "1.2.2",
			"resolved": "https://registry.npmjs.org/@types/d3-shape/-/d3-shape-1.2.2.tgz",
			"integrity": "sha512-Ydksrces8J5WP/NXhZ/CcDx/XZZ8b7MDX+u6WGQXwEWfmimJn9eYHiD7QR4BLe3zBiAOQmmiGAwRBKUDp5zb1g==",
			"dev": true,
			"requires": {
				"@types/d3-path": "1.0.6"
			}
		},
		"@types/d3-time": {
			"version": "1.0.7",
			"resolved": "https://registry.npmjs.org/@types/d3-time/-/d3-time-1.0.7.tgz",
			"integrity": "sha512-X5ZQYiJIM38XygNwld4gZ++Vtw2ftgo3KOfZOY4n/sCudUxclxf/3THBvuG8UqSV+EQ0ezYjT5eyvcrrmixOWA==",
			"dev": true
		},
		"@types/d3-time-format": {
			"version": "2.1.0",
			"resolved": "https://registry.npmjs.org/@types/d3-time-format/-/d3-time-format-2.1.0.tgz",
			"integrity": "sha512-/myT3I7EwlukNOX2xVdMzb8FRgNzRMpsZddwst9Ld/VFe6LyJyRp0s32l/V9XoUzk+Gqu56F/oGk6507+8BxrA==",
			"dev": true
		},
		"@types/d3-timer": {
			"version": "1.0.6",
			"resolved": "https://registry.npmjs.org/@types/d3-timer/-/d3-timer-1.0.6.tgz",
			"integrity": "sha1-eG1OIHMa3wOvLF32yG/ilmf+Qps=",
			"dev": true
		},
		"@types/d3-transition": {
			"version": "1.1.1",
			"resolved": "https://registry.npmjs.org/@types/d3-transition/-/d3-transition-1.1.1.tgz",
			"integrity": "sha512-GHTghl0YYB8gGgbyKxVLHyAp9Na0HqsX2U7M0u0lGw4IdfEaslooykweZ8fDHW13T+KZeZAuzhbmqBZVFO+6kg==",
			"dev": true,
			"requires": {
				"@types/d3-selection": "1.3.0"
			}
		},
		"@types/d3-voronoi": {
			"version": "1.1.7",
			"resolved": "https://registry.npmjs.org/@types/d3-voronoi/-/d3-voronoi-1.1.7.tgz",
			"integrity": "sha512-/dHFLK5jhXTb/W4XEQcFydVk8qlIAo85G3r7+N2fkBFw190l0R1GQ8C1VPeXBb2GfSU5GbT2hjlnE7i7UY5Gvg==",
			"dev": true
		},
		"@types/d3-zoom": {
			"version": "1.7.0",
			"resolved": "https://registry.npmjs.org/@types/d3-zoom/-/d3-zoom-1.7.0.tgz",
			"integrity": "sha512-eIivt2ehMUXqS0guuVzRSMr5RGhO958g9EKxIJv3Z23suPnX4VQI9k1TC/bLuwKq0IWp9a1bEEcIy+PNJv9BtA==",
			"dev": true,
			"requires": {
				"@types/d3-interpolate": "1.1.6",
				"@types/d3-selection": "1.3.0"
			}
		},
		"@types/estree": {
			"version": "0.0.38",
			"resolved": "https://registry.npmjs.org/@types/estree/-/estree-0.0.38.tgz",
			"integrity": "sha512-F/v7t1LwS4vnXuPooJQGBRKRGIoxWUTmA4VHfqjOccFsNDThD5bfUNpITive6s352O7o384wcpEaDV8rHCehDA==",
			"dev": true
		},
		"@types/geojson": {
			"version": "7946.0.2",
			"resolved": "https://registry.npmjs.org/@types/geojson/-/geojson-7946.0.2.tgz",
			"integrity": "sha512-JuRe9eeID7XvL7viIcFqIAAXDLfyRcImIWE/XjBIhrUZjxX5z4fLcF3QXS9zYnvIn8mmtW/7OxDV3XC8QMb7OA==",
			"dev": true
		},
		"@types/node": {
			"version": "9.6.6",
			"resolved": "https://registry.npmjs.org/@types/node/-/node-9.6.6.tgz",
			"integrity": "sha512-SJe0g5cZeGNDP5sD8mIX3scb+eq8LQQZ60FXiKZHipYSeEFZ5EKml+NNMiO76F74TY4PoMWlNxF/YRY40FOvZQ==",
			"dev": true
		},
		"balanced-match": {
			"version": "1.0.0",
			"resolved": "https://registry.npmjs.org/balanced-match/-/balanced-match-1.0.0.tgz",
			"integrity": "sha1-ibTRmasr7kneFk6gK4nORi1xt2c=",
			"dev": true
		},
		"brace-expansion": {
			"version": "1.1.11",
			"resolved": "https://registry.npmjs.org/brace-expansion/-/brace-expansion-1.1.11.tgz",
			"integrity": "sha512-iCuPHDFgrHX7H2vEI/5xpz07zSHB00TpugqhmYtVmMO6518mCuRMoOYFldEBl0g187ufozdaHgWKcYFb61qGiA==",
			"dev": true,
			"requires": {
				"balanced-match": "1.0.0",
				"concat-map": "0.0.1"
			}
		},
		"builtin-modules": {
			"version": "2.0.0",
			"resolved": "https://registry.npmjs.org/builtin-modules/-/builtin-modules-2.0.0.tgz",
			"integrity": "sha512-3U5kUA5VPsRUA3nofm/BXX7GVHKfxz0hOBAPxXrIvHzlDRkQVqEn6yi8QJegxl4LzOHLdvb7XF5dVawa/VVYBg==",
			"dev": true
		},
		"commander": {
			"version": "2.15.1",
			"resolved": "https://registry.npmjs.org/commander/-/commander-2.15.1.tgz",
			"integrity": "sha512-VlfT9F3V0v+jr4yxPc5gg9s62/fIVWsd2Bk2iD435um1NlGMYdVCq+MjcXnhYq2icNOizHr1kK+5TI6H0Hy0ag=="
		},
		"concat-map": {
			"version": "0.0.1",
			"resolved": "https://registry.npmjs.org/concat-map/-/concat-map-0.0.1.tgz",
			"integrity": "sha1-2Klr13/Wjfd5OnMDajug1UBdR3s=",
			"dev": true
		},
		"d3": {
			"version": "5.1.0",
			"resolved": "https://registry.npmjs.org/d3/-/d3-5.1.0.tgz",
			"integrity": "sha512-2ltUUsAuolg5+AfgRBkZBFOUcR+UsWc2vAixBSiw6cFqdSCEufPavYI6lPdL68dgNOaMp4sggwJ3BnJElm7tyQ==",
			"requires": {
				"d3-array": "1.2.1",
				"d3-axis": "1.0.8",
				"d3-brush": "1.0.4",
				"d3-chord": "1.0.4",
				"d3-collection": "1.0.4",
				"d3-color": "1.1.0",
				"d3-contour": "1.2.0",
				"d3-dispatch": "1.0.3",
				"d3-drag": "1.2.1",
				"d3-dsv": "1.0.8",
				"d3-ease": "1.0.3",
				"d3-fetch": "1.1.0",
				"d3-force": "1.1.0",
				"d3-format": "1.2.2",
				"d3-geo": "1.10.0",
				"d3-hierarchy": "1.1.6",
				"d3-interpolate": "1.1.6",
				"d3-path": "1.0.5",
				"d3-polygon": "1.0.3",
				"d3-quadtree": "1.0.3",
				"d3-random": "1.1.0",
				"d3-scale": "2.0.0",
				"d3-scale-chromatic": "1.2.0",
				"d3-selection": "1.3.0",
				"d3-shape": "1.2.0",
				"d3-time": "1.0.8",
				"d3-time-format": "2.1.1",
				"d3-timer": "1.0.7",
				"d3-transition": "1.1.1",
				"d3-voronoi": "1.1.2",
				"d3-zoom": "1.7.1"
			}
		},
		"d3-array": {
			"version": "1.2.1",
			"resolved": "https://registry.npmjs.org/d3-array/-/d3-array-1.2.1.tgz",
			"integrity": "sha512-CyINJQ0SOUHojDdFDH4JEM0552vCR1utGyLHegJHyYH0JyCpSeTPxi4OBqHMA2jJZq4NH782LtaJWBImqI/HBw=="
		},
		"d3-axis": {
			"version": "1.0.8",
			"resolved": "https://registry.npmjs.org/d3-axis/-/d3-axis-1.0.8.tgz",
			"integrity": "sha1-MacFoLU15ldZ3hQXOjGTMTfxjvo="
		},
		"d3-brush": {
			"version": "1.0.4",
			"resolved": "https://registry.npmjs.org/d3-brush/-/d3-brush-1.0.4.tgz",
			"integrity": "sha1-AMLyOAGfJPbAoZSibUGhUw/+e8Q=",
			"requires": {
				"d3-dispatch": "1.0.3",
				"d3-drag": "1.2.1",
				"d3-interpolate": "1.1.6",
				"d3-selection": "1.3.0",
				"d3-transition": "1.1.1"
			}
		},
		"d3-chord": {
			"version": "1.0.4",
			"resolved": "https://registry.npmjs.org/d3-chord/-/d3-chord-1.0.4.tgz",
			"integrity": "sha1-fexPC6iG9xP+ERxF92NBT290yiw=",
			"requires": {
				"d3-array": "1.2.1",
				"d3-path": "1.0.5"
			}
		},
		"d3-collection": {
			"version": "1.0.4",
			"resolved": "https://registry.npmjs.org/d3-collection/-/d3-collection-1.0.4.tgz",
			"integrity": "sha1-NC39EoN8kJdPM/HMCnha6lcNzcI="
		},
		"d3-color": {
			"version": "1.1.0",
			"resolved": "https://registry.npmjs.org/d3-color/-/d3-color-1.1.0.tgz",
			"integrity": "sha512-IZVcqX5yYFvR2NUBbSfIfbgNcSgAtZ7JbgQWqDXf4CywtN7agvI7Kw6+Q1ETvlHOHWJT55Kyuzt0C3I0GVtRHQ=="
		},
		"d3-contour": {
			"version": "1.2.0",
			"resolved": "https://registry.npmjs.org/d3-contour/-/d3-contour-1.2.0.tgz",
			"integrity": "sha512-nDzZ2KDnrgTrhMjV8TH0RNrljk6uPNAGkG/v/1SKNVvJa2JU8szjh7o2ZYTX8yufA2oCI5HyeMqbzwiB+oDoIA==",
			"requires": {
				"d3-array": "1.2.1"
			}
		},
		"d3-dispatch": {
			"version": "1.0.3",
			"resolved": "https://registry.npmjs.org/d3-dispatch/-/d3-dispatch-1.0.3.tgz",
			"integrity": "sha1-RuFJHqqbWMNY/OW+TovtYm54cfg="
		},
		"d3-drag": {
			"version": "1.2.1",
			"resolved": "https://registry.npmjs.org/d3-drag/-/d3-drag-1.2.1.tgz",
			"integrity": "sha512-Cg8/K2rTtzxzrb0fmnYOUeZHvwa4PHzwXOLZZPwtEs2SKLLKLXeYwZKBB+DlOxUvFmarOnmt//cU4+3US2lyyQ==",
			"requires": {
				"d3-dispatch": "1.0.3",
				"d3-selection": "1.3.0"
			}
		},
		"d3-dsv": {
			"version": "1.0.8",
			"resolved": "https://registry.npmjs.org/d3-dsv/-/d3-dsv-1.0.8.tgz",
			"integrity": "sha512-IVCJpQ+YGe3qu6odkPQI0KPqfxkhbP/oM1XhhE/DFiYmcXKfCRub4KXyiuehV1d4drjWVXHUWx4gHqhdZb6n/A==",
			"requires": {
				"commander": "2.15.1",
				"iconv-lite": "0.4.21",
				"rw": "1.3.3"
			}
		},
		"d3-ease": {
			"version": "1.0.3",
			"resolved": "https://registry.npmjs.org/d3-ease/-/d3-ease-1.0.3.tgz",
			"integrity": "sha1-aL+8NJM4o4DETYrMT7wzBKotjA4="
		},
		"d3-fetch": {
			"version": "1.1.0",
			"resolved": "https://registry.npmjs.org/d3-fetch/-/d3-fetch-1.1.0.tgz",
			"integrity": "sha512-j+V4vtT6dceQbcKYLtpTueB8Zvc+wb9I93WaFtEQIYNADXl0c1ZJMN3qQo0CssiTsAqK8pePwc7f4qiW+b0WOg==",
			"requires": {
				"d3-dsv": "1.0.8"
			}
		},
		"d3-force": {
			"version": "1.1.0",
			"resolved": "https://registry.npmjs.org/d3-force/-/d3-force-1.1.0.tgz",
			"integrity": "sha512-2HVQz3/VCQs0QeRNZTYb7GxoUCeb6bOzMp/cGcLa87awY9ZsPvXOGeZm0iaGBjXic6I1ysKwMn+g+5jSAdzwcg==",
			"requires": {
				"d3-collection": "1.0.4",
				"d3-dispatch": "1.0.3",
				"d3-quadtree": "1.0.3",
				"d3-timer": "1.0.7"
			}
		},
		"d3-format": {
			"version": "1.2.2",
			"resolved": "https://registry.npmjs.org/d3-format/-/d3-format-1.2.2.tgz",
			"integrity": "sha512-zH9CfF/3C8zUI47nsiKfD0+AGDEuM8LwBIP7pBVpyR4l/sKkZqITmMtxRp04rwBrlshIZ17XeFAaovN3++wzkw=="
		},
		"d3-geo": {
			"version": "1.10.0",
			"resolved": "https://registry.npmjs.org/d3-geo/-/d3-geo-1.10.0.tgz",
			"integrity": "sha512-VK/buVGgexthTTqGRNXQ/LSo3EbOFu4p2Pjud5drSIaEnOaF2moc8A3P7WEljEO1JEBEwbpAJjFWMuJiUtoBcw==",
			"requires": {
				"d3-array": "1.2.1"
			}
		},
		"d3-hierarchy": {
			"version": "1.1.6",
			"resolved": "https://registry.npmjs.org/d3-hierarchy/-/d3-hierarchy-1.1.6.tgz",
			"integrity": "sha512-nn4bhBnwWnMSoZgkBXD7vRyZ0xVUsNMQRKytWYHhP1I4qHw+qzApCTgSQTZqMdf4XXZbTMqA59hFusga+THA/g=="
		},
		"d3-interpolate": {
			"version": "1.1.6",
			"resolved": "https://registry.npmjs.org/d3-interpolate/-/d3-interpolate-1.1.6.tgz",
			"integrity": "sha512-mOnv5a+pZzkNIHtw/V6I+w9Lqm9L5bG3OTXPM5A+QO0yyVMQ4W1uZhR+VOJmazaOZXri2ppbiZ5BUNWT0pFM9A==",
			"requires": {
				"d3-color": "1.1.0"
			}
		},
		"d3-path": {
			"version": "1.0.5",
			"resolved": "https://registry.npmjs.org/d3-path/-/d3-path-1.0.5.tgz",
			"integrity": "sha1-JB6xhJvZ6egCHA0KeZ+KDo5EF2Q="
		},
		"d3-polygon": {
			"version": "1.0.3",
			"resolved": "https://registry.npmjs.org/d3-polygon/-/d3-polygon-1.0.3.tgz",
			"integrity": "sha1-FoiOkCZGCTPysXllKtN4Ik04LGI="
		},
		"d3-quadtree": {
			"version": "1.0.3",
			"resolved": "https://registry.npmjs.org/d3-quadtree/-/d3-quadtree-1.0.3.tgz",
			"integrity": "sha1-rHmH4+I/6AWpkPKOG1DTj8uCJDg="
		},
		"d3-random": {
			"version": "1.1.0",
			"resolved": "https://registry.npmjs.org/d3-random/-/d3-random-1.1.0.tgz",
			"integrity": "sha1-ZkLlBsb6OmSFldKyRpeIqNElKdM="
		},
		"d3-scale": {
			"version": "2.0.0",
			"resolved": "https://registry.npmjs.org/d3-scale/-/d3-scale-2.0.0.tgz",
			"integrity": "sha512-Sa2Ny6CoJT7x6dozxPnvUQT61epGWsgppFvnNl8eJEzfJBG0iDBBTJAtz2JKem7Mb+NevnaZiDiIDHsuWkv6vg==",
			"requires": {
				"d3-array": "1.2.1",
				"d3-collection": "1.0.4",
				"d3-format": "1.2.2",
				"d3-interpolate": "1.1.6",
				"d3-time": "1.0.8",
				"d3-time-format": "2.1.1"
			}
		},
		"d3-scale-chromatic": {
			"version": "1.2.0",
			"resolved": "https://registry.npmjs.org/d3-scale-chromatic/-/d3-scale-chromatic-1.2.0.tgz",
			"integrity": "sha512-qQUhLi8fPe/F0b0M46C6eFUbms5IIMHuhJ5DKjjzBUvm1b6aPtygJzGbrMdMUD/ckLBq+NdWwHeN2cpMDp4Q5Q==",
			"requires": {
				"d3-color": "1.1.0",
				"d3-interpolate": "1.1.6"
			}
		},
		"d3-selection": {
			"version": "1.3.0",
			"resolved": "https://registry.npmjs.org/d3-selection/-/d3-selection-1.3.0.tgz",
			"integrity": "sha512-qgpUOg9tl5CirdqESUAu0t9MU/t3O9klYfGfyKsXEmhyxyzLpzpeh08gaxBUTQw1uXIOkr/30Ut2YRjSSxlmHA=="
		},
		"d3-shape": {
			"version": "1.2.0",
			"resolved": "https://registry.npmjs.org/d3-shape/-/d3-shape-1.2.0.tgz",
			"integrity": "sha1-RdAVOPBkuv0F6j1tLLdI/YxB93c=",
			"requires": {
				"d3-path": "1.0.5"
			}
		},
		"d3-time": {
			"version": "1.0.8",
			"resolved": "https://registry.npmjs.org/d3-time/-/d3-time-1.0.8.tgz",
			"integrity": "sha512-YRZkNhphZh3KcnBfitvF3c6E0JOFGikHZ4YqD+Lzv83ZHn1/u6yGenRU1m+KAk9J1GnZMnKcrtfvSktlA1DXNQ=="
		},
		"d3-time-format": {
			"version": "2.1.1",
			"resolved": "https://registry.npmjs.org/d3-time-format/-/d3-time-format-2.1.1.tgz",
			"integrity": "sha512-8kAkymq2WMfzW7e+s/IUNAtN/y3gZXGRrdGfo6R8NKPAA85UBTxZg5E61bR6nLwjPjj4d3zywSQe1CkYLPFyrw==",
			"requires": {
				"d3-time": "1.0.8"
			}
		},
		"d3-timer": {
			"version": "1.0.7",
			"resolved": "https://registry.npmjs.org/d3-timer/-/d3-timer-1.0.7.tgz",
			"integrity": "sha512-vMZXR88XujmG/L5oB96NNKH5lCWwiLM/S2HyyAQLcjWJCloK5shxta4CwOFYLZoY3AWX73v8Lgv4cCAdWtRmOA=="
		},
		"d3-transition": {
			"version": "1.1.1",
			"resolved": "https://registry.npmjs.org/d3-transition/-/d3-transition-1.1.1.tgz",
			"integrity": "sha512-xeg8oggyQ+y5eb4J13iDgKIjUcEfIOZs2BqV/eEmXm2twx80wTzJ4tB4vaZ5BKfz7XsI/DFmQL5me6O27/5ykQ==",
			"requires": {
				"d3-color": "1.1.0",
				"d3-dispatch": "1.0.3",
				"d3-ease": "1.0.3",
				"d3-interpolate": "1.1.6",
				"d3-selection": "1.3.0",
				"d3-timer": "1.0.7"
			}
		},
		"d3-voronoi": {
			"version": "1.1.2",
			"resolved": "https://registry.npmjs.org/d3-voronoi/-/d3-voronoi-1.1.2.tgz",
			"integrity": "sha1-Fodmfo8TotFYyAwUgMWinLDYlzw="
		},
		"d3-zoom": {
			"version": "1.7.1",
			"resolved": "https://registry.npmjs.org/d3-zoom/-/d3-zoom-1.7.1.tgz",
			"integrity": "sha512-sZHQ55DGq5BZBFGnRshUT8tm2sfhPHFnOlmPbbwTkAoPeVdRTkB4Xsf9GCY0TSHrTD8PeJPZGmP/TpGicwJDJQ==",
			"requires": {
				"d3-dispatch": "1.0.3",
				"d3-drag": "1.2.1",
				"d3-interpolate": "1.1.6",
				"d3-selection": "1.3.0",
				"d3-transition": "1.1.1"
			}
		},
		"deep-equal": {
			"version": "1.0.1",
			"resolved": "https://registry.npmjs.org/deep-equal/-/deep-equal-1.0.1.tgz",
			"integrity": "sha1-9dJgKStmDghO/0zbyfCK0yR0SLU=",
			"dev": true
		},
		"define-properties": {
			"version": "1.1.2",
			"resolved": "https://registry.npmjs.org/define-properties/-/define-properties-1.1.2.tgz",
			"integrity": "sha1-g6c/L+pWmJj7c3GTyPhzyvbUXJQ=",
			"dev": true,
			"requires": {
				"foreach": "2.0.5",
				"object-keys": "1.0.11"
			}
		},
		"defined": {
			"version": "1.0.0",
			"resolved": "https://registry.npmjs.org/defined/-/defined-1.0.0.tgz",
			"integrity": "sha1-yY2bzvdWdBiOEQlpFRGZ45sfppM=",
			"dev": true
		},
		"es-abstract": {
			"version": "1.11.0",
			"resolved": "https://registry.npmjs.org/es-abstract/-/es-abstract-1.11.0.tgz",
			"integrity": "sha512-ZnQrE/lXTTQ39ulXZ+J1DTFazV9qBy61x2bY071B+qGco8Z8q1QddsLdt/EF8Ai9hcWH72dWS0kFqXLxOxqslA==",
			"dev": true,
			"requires": {
				"es-to-primitive": "1.1.1",
				"function-bind": "1.1.1",
				"has": "1.0.1",
				"is-callable": "1.1.3",
				"is-regex": "1.0.4"
			}
		},
		"es-to-primitive": {
			"version": "1.1.1",
			"resolved": "https://registry.npmjs.org/es-to-primitive/-/es-to-primitive-1.1.1.tgz",
			"integrity": "sha1-RTVSSKiJeQNLZ5Lhm7gfK3l13Q0=",
			"dev": true,
			"requires": {
				"is-callable": "1.1.3",
				"is-date-object": "1.0.1",
				"is-symbol": "1.0.1"
			}
		},
		"for-each": {
			"version": "0.3.2",
			"resolved": "https://registry.npmjs.org/for-each/-/for-each-0.3.2.tgz",
			"integrity": "sha1-LEBFC5NI6X8oEyJZO6lnBLmr1NQ=",
			"dev": true,
			"requires": {
				"is-function": "1.0.1"
			}
		},
		"foreach": {
			"version": "2.0.5",
			"resolved": "https://registry.npmjs.org/foreach/-/foreach-2.0.5.tgz",
			"integrity": "sha1-C+4AUBiusmDQo6865ljdATbsG5k=",
			"dev": true
		},
		"fs.realpath": {
			"version": "1.0.0",
			"resolved": "https://registry.npmjs.org/fs.realpath/-/fs.realpath-1.0.0.tgz",
			"integrity": "sha1-FQStJSMVjKpA20onh8sBQRmU6k8=",
			"dev": true
		},
		"function-bind": {
			"version": "1.1.1",
			"resolved": "https://registry.npmjs.org/function-bind/-/function-bind-1.1.1.tgz",
			"integrity": "sha512-yIovAzMX49sF8Yl58fSCWJ5svSLuaibPxXQJFLmBObTuCr0Mf1KiPopGM9NiFjiYBCbfaa2Fh6breQ6ANVTI0A==",
			"dev": true
		},
		"glob": {
			"version": "7.1.2",
			"resolved": "https://registry.npmjs.org/glob/-/glob-7.1.2.tgz",
			"integrity": "sha512-MJTUg1kjuLeQCJ+ccE4Vpa6kKVXkPYJ2mOCQyUuKLcLQsdrMCpBPUi8qVE6+YuaJkozeA9NusTAw3hLr8Xe5EQ==",
			"dev": true,
			"requires": {
				"fs.realpath": "1.0.0",
				"inflight": "1.0.6",
				"inherits": "2.0.3",
				"minimatch": "3.0.4",
				"once": "1.4.0",
				"path-is-absolute": "1.0.1"
			}
		},
		"has": {
			"version": "1.0.1",
			"resolved": "https://registry.npmjs.org/has/-/has-1.0.1.tgz",
			"integrity": "sha1-hGFzP1OLCDfJNh45qauelwTcLyg=",
			"dev": true,
			"requires": {
				"function-bind": "1.1.1"
			}
		},
		"iconv-lite": {
			"version": "0.4.21",
			"resolved": "https://registry.npmjs.org/iconv-lite/-/iconv-lite-0.4.21.tgz",
			"integrity": "sha512-En5V9za5mBt2oUA03WGD3TwDv0MKAruqsuxstbMUZaj9W9k/m1CV/9py3l0L5kw9Bln8fdHQmzHSYtvpvTLpKw==",
			"requires": {
				"safer-buffer": "2.1.2"
			}
		},
		"inflight": {
			"version": "1.0.6",
			"resolved": "https://registry.npmjs.org/inflight/-/inflight-1.0.6.tgz",
			"integrity": "sha1-Sb1jMdfQLQwJvJEKEHW6gWW1bfk=",
			"dev": true,
			"requires": {
				"once": "1.4.0",
				"wrappy": "1.0.2"
			}
		},
		"inherits": {
			"version": "2.0.3",
			"resolved": "https://registry.npmjs.org/inherits/-/inherits-2.0.3.tgz",
			"integrity": "sha1-Yzwsg+PaQqUC9SRmAiSA9CCCYd4=",
			"dev": true
		},
		"is-callable": {
			"version": "1.1.3",
			"resolved": "https://registry.npmjs.org/is-callable/-/is-callable-1.1.3.tgz",
			"integrity": "sha1-hut1OSgF3cM69xySoO7fdO52BLI=",
			"dev": true
		},
		"is-date-object": {
			"version": "1.0.1",
			"resolved": "https://registry.npmjs.org/is-date-object/-/is-date-object-1.0.1.tgz",
			"integrity": "sha1-mqIOtq7rv/d/vTPnTKAbM1gdOhY=",
			"dev": true
		},
		"is-function": {
			"version": "1.0.1",
			"resolved": "https://registry.npmjs.org/is-function/-/is-function-1.0.1.tgz",
			"integrity": "sha1-Es+5i2W1fdPRk6MSH19uL0N2ArU=",
			"dev": true
		},
		"is-module": {
			"version": "1.0.0",
			"resolved": "https://registry.npmjs.org/is-module/-/is-module-1.0.0.tgz",
			"integrity": "sha1-Mlj7afeMFNW4FdZkM2tM/7ZEFZE=",
			"dev": true
		},
		"is-regex": {
			"version": "1.0.4",
			"resolved": "https://registry.npmjs.org/is-regex/-/is-regex-1.0.4.tgz",
			"integrity": "sha1-VRdIm1RwkbCTDglWVM7SXul+lJE=",
			"dev": true,
			"requires": {
				"has": "1.0.1"
			}
		},
		"is-symbol": {
			"version": "1.0.1",
			"resolved": "https://registry.npmjs.org/is-symbol/-/is-symbol-1.0.1.tgz",
			"integrity": "sha1-PMWfAAJRlLarLjjbrmaJJWtmBXI=",
			"dev": true
		},
		"minimatch": {
			"version": "3.0.4",
			"resolved": "https://registry.npmjs.org/minimatch/-/minimatch-3.0.4.tgz",
			"integrity": "sha512-yJHVQEhyqPLUTgt9B83PXu6W3rx4MvvHvSUvToogpwoGDOUQ+yDrR0HRot+yOCdCO7u4hX3pWft6kWBBcqh0UA==",
			"dev": true,
			"requires": {
				"brace-expansion": "1.1.11"
			}
		},
		"minimist": {
			"version": "1.2.0",
			"resolved": "https://registry.npmjs.org/minimist/-/minimist-1.2.0.tgz",
			"integrity": "sha1-o1AIsg9BOD7sH7kU9M1d95omQoQ=",
			"dev": true
		},
		"object-inspect": {
			"version": "1.5.0",
			"resolved": "https://registry.npmjs.org/object-inspect/-/object-inspect-1.5.0.tgz",
			"integrity": "sha512-UmOFbHbwvv+XHj7BerrhVq+knjceBdkvU5AriwLMvhv2qi+e7DJzxfBeFpILEjVzCp+xA+W/pIf06RGPWlZNfw==",
			"dev": true
		},
		"object-keys": {
			"version": "1.0.11",
			"resolved": "https://registry.npmjs.org/object-keys/-/object-keys-1.0.11.tgz",
			"integrity": "sha1-xUYBd4rVYPEULODgG8yotW0TQm0=",
			"dev": true
		},
		"once": {
			"version": "1.4.0",
			"resolved": "https://registry.npmjs.org/once/-/once-1.4.0.tgz",
			"integrity": "sha1-WDsap3WWHUsROsF9nFC6753Xa9E=",
			"dev": true,
			"requires": {
				"wrappy": "1.0.2"
			}
		},
		"path-is-absolute": {
			"version": "1.0.1",
			"resolved": "https://registry.npmjs.org/path-is-absolute/-/path-is-absolute-1.0.1.tgz",
			"integrity": "sha1-F0uSaHNVNP+8es5r9TpanhtcX18=",
			"dev": true
		},
		"path-parse": {
			"version": "1.0.5",
			"resolved": "https://registry.npmjs.org/path-parse/-/path-parse-1.0.5.tgz",
			"integrity": "sha1-PBrfhx6pzWyUMbbqK9dKD/BVxME=",
			"dev": true
		},
		"resolve": {
			"version": "1.7.1",
			"resolved": "https://registry.npmjs.org/resolve/-/resolve-1.7.1.tgz",
			"integrity": "sha512-c7rwLofp8g1U+h1KNyHL/jicrKg1Ek4q+Lr33AL65uZTinUZHe30D5HlyN5V9NW0JX1D5dXQ4jqW5l7Sy/kGfw==",
			"dev": true,
			"requires": {
				"path-parse": "1.0.5"
			}
		},
		"resumer": {
			"version": "0.0.0",
			"resolved": "https://registry.npmjs.org/resumer/-/resumer-0.0.0.tgz",
			"integrity": "sha1-8ej0YeQGS6Oegq883CqMiT0HZ1k=",
			"dev": true,
			"requires": {
				"through": "2.3.8"
			}
		},
		"rollup": {
			"version": "0.58.2",
			"resolved": "https://registry.npmjs.org/rollup/-/rollup-0.58.2.tgz",
			"integrity": "sha512-RZVvCWm9BHOYloaE6LLiE/ibpjv1CmI8F8k0B0Cp+q1eezo3cswszJH1DN0djgzSlo0hjuuCmyeI+1XOYLl4wg==",
			"dev": true,
			"requires": {
				"@types/estree": "0.0.38",
				"@types/node": "9.6.6"
			}
		},
		"rollup-plugin-node-resolve": {
			"version": "3.3.0",
			"resolved": "https://registry.npmjs.org/rollup-plugin-node-resolve/-/rollup-plugin-node-resolve-3.3.0.tgz",
			"integrity": "sha512-9zHGr3oUJq6G+X0oRMYlzid9fXicBdiydhwGChdyeNRGPcN/majtegApRKHLR5drboUvEWU+QeUmGTyEZQs3WA==",
			"dev": true,
			"requires": {
				"builtin-modules": "2.0.0",
				"is-module": "1.0.0",
				"resolve": "1.7.1"
			}
		},
		"rw": {
			"version": "1.3.3",
			"resolved": "https://registry.npmjs.org/rw/-/rw-1.3.3.tgz",
			"integrity": "sha1-P4Yt+pGrdmsUiF700BEkv9oHT7Q="
		},
		"safer-buffer": {
			"version": "2.1.2",
			"resolved": "https://registry.npmjs.org/safer-buffer/-/safer-buffer-2.1.2.tgz",
			"integrity": "sha512-YZo3K82SD7Riyi0E1EQPojLz7kpepnSQI9IyPbHHg1XXXevb5dJI7tpyN2ADxGcQbHG7vcyRHk0cbwqcQriUtg=="
		},
		"source-map": {
			"version": "0.6.1",
			"resolved": "https://registry.npmjs.org/source-map/-/source-map-0.6.1.tgz",
			"integrity": "sha512-UjgapumWlbMhkBgzT7Ykc5YXUT46F0iKu8SGXq0bcwP5dz/h0Plj6enJqjz1Zbq2l5WaqYnrVbwWOWMyF3F47g==",
			"dev": true
		},
		"string.prototype.trim": {
			"version": "1.1.2",
			"resolved": "https://registry.npmjs.org/string.prototype.trim/-/string.prototype.trim-1.1.2.tgz",
			"integrity": "sha1-0E3iyJ4Tf019IG8Ia17S+ua+jOo=",
			"dev": true,
			"requires": {
				"define-properties": "1.1.2",
				"es-abstract": "1.11.0",
				"function-bind": "1.1.1"
			}
		},
		"tape": {
			"version": "4.9.0",
			"resolved": "https://registry.npmjs.org/tape/-/tape-4.9.0.tgz",
			"integrity": "sha512-j0jO9BiScfqtPBb9QmPLL0qvxXMz98xjkMb7x8lKipFlJZwNJkqkWPou+NU4V6T9RnVh1kuSthLE8gLrN8bBfw==",
			"dev": true,
			"requires": {
				"deep-equal": "1.0.1",
				"defined": "1.0.0",
				"for-each": "0.3.2",
				"function-bind": "1.1.1",
				"glob": "7.1.2",
				"has": "1.0.1",
				"inherits": "2.0.3",
				"minimist": "1.2.0",
				"object-inspect": "1.5.0",
				"resolve": "1.5.0",
				"resumer": "0.0.0",
				"string.prototype.trim": "1.1.2",
				"through": "2.3.8"
			},
			"dependencies": {
				"resolve": {
					"version": "1.5.0",
					"resolved": "https://registry.npmjs.org/resolve/-/resolve-1.5.0.tgz",
					"integrity": "sha512-hgoSGrc3pjzAPHNBg+KnFcK2HwlHTs/YrAGUr6qgTVUZmXv1UEXXl0bZNBKMA9fud6lRYFdPGz0xXxycPzmmiw==",
					"dev": true,
					"requires": {
						"path-parse": "1.0.5"
					}
				}
			}
		},
		"through": {
			"version": "2.3.8",
			"resolved": "https://registry.npmjs.org/through/-/through-2.3.8.tgz",
			"integrity": "sha1-DdTJ/6q8NXlgsbckEV1+Doai4fU=",
			"dev": true
		},
		"uglify-js": {
			"version": "3.3.22",
			"resolved": "https://registry.npmjs.org/uglify-js/-/uglify-js-3.3.22.tgz",
			"integrity": "sha512-tqw96rL6/BG+7LM5VItdhDjTQmL5zG/I0b2RqWytlgeHe2eydZHuBHdA9vuGpCDhH/ZskNGcqDhivoR2xt8RIw==",
			"dev": true,
			"requires": {
				"commander": "2.15.1",
				"source-map": "0.6.1"
			}
		},
		"wrappy": {
			"version": "1.0.2",
			"resolved": "https://registry.npmjs.org/wrappy/-/wrappy-1.0.2.tgz",
			"integrity": "sha1-tSQ9jz7BqjXxNkYFvA0QNuMKtp8=",
			"dev": true
		}
	}
}
